{
    "version": 3,
    "terraform_version": "0.11.13",
    "serial": 4,
    "lineage": "baf5bbd5-4859-36ab-6810-f3250441175d",
    "modules": [
        {
            "path": [
                "root"
            ],
            "outputs": {},
            "resources": {
                "aws_default_network_acl.dev_default": {
                    "type": "aws_default_network_acl",
                    "depends_on": [
                        "aws_subnet.private_1a",
                        "aws_subnet.private_1c",
                        "aws_subnet.public_1a",
                        "aws_subnet.public_1c",
                        "aws_vpc.dev"
                    ],
                    "primary": {
                        "id": "acl-01fd3f8b6567bbc19",
                        "attributes": {
                            "default_network_acl_id": "acl-01fd3f8b6567bbc19",
                            "egress.#": "1",
                            "egress.1401401844.action": "allow",
                            "egress.1401401844.cidr_block": "0.0.0.0/0",
                            "egress.1401401844.from_port": "0",
                            "egress.1401401844.icmp_code": "0",
                            "egress.1401401844.icmp_type": "0",
                            "egress.1401401844.ipv6_cidr_block": "",
                            "egress.1401401844.protocol": "-1",
                            "egress.1401401844.rule_no": "100",
                            "egress.1401401844.to_port": "0",
                            "id": "acl-01fd3f8b6567bbc19",
                            "ingress.#": "1",
                            "ingress.1401401844.action": "allow",
                            "ingress.1401401844.cidr_block": "0.0.0.0/0",
                            "ingress.1401401844.from_port": "0",
                            "ingress.1401401844.icmp_code": "0",
                            "ingress.1401401844.icmp_type": "0",
                            "ingress.1401401844.ipv6_cidr_block": "",
                            "ingress.1401401844.protocol": "-1",
                            "ingress.1401401844.rule_no": "100",
                            "ingress.1401401844.to_port": "0",
                            "owner_id": "715652651898",
                            "subnet_ids.#": "4",
                            "subnet_ids.1259799831": "subnet-0232b25f8b432582f",
                            "subnet_ids.1421171200": "subnet-039a90f6b8fad40e1",
                            "subnet_ids.2019014717": "subnet-00138cc13d1a8254f",
                            "subnet_ids.3260440145": "subnet-0c31e789e239e9b87",
                            "tags.%": "1",
                            "tags.Name": "dev-default",
                            "vpc_id": "vpc-0c8b9a473549ee68e"
                        },
                        "meta": {},
                        "tainted": false
                    },
                    "deposed": [],
                    "provider": "provider.aws"
                },
                "aws_default_security_group.dev_default": {
                    "type": "aws_default_security_group",
                    "depends_on": [
                        "aws_vpc.dev"
                    ],
                    "primary": {
                        "id": "sg-060570b7a37cd9867",
                        "attributes": {
                            "arn": "arn:aws:ec2:ap-northeast-1:715652651898:security-group/sg-060570b7a37cd9867",
                            "egress.#": "1",
                            "egress.482069346.cidr_blocks.#": "1",
                            "egress.482069346.cidr_blocks.0": "0.0.0.0/0",
                            "egress.482069346.description": "",
                            "egress.482069346.from_port": "0",
                            "egress.482069346.ipv6_cidr_blocks.#": "0",
                            "egress.482069346.prefix_list_ids.#": "0",
                            "egress.482069346.protocol": "-1",
                            "egress.482069346.security_groups.#": "0",
                            "egress.482069346.self": "false",
                            "egress.482069346.to_port": "0",
                            "id": "sg-060570b7a37cd9867",
                            "ingress.#": "1",
                            "ingress.753360330.cidr_blocks.#": "0",
                            "ingress.753360330.description": "",
                            "ingress.753360330.from_port": "0",
                            "ingress.753360330.ipv6_cidr_blocks.#": "0",
                            "ingress.753360330.prefix_list_ids.#": "0",
                            "ingress.753360330.protocol": "-1",
                            "ingress.753360330.security_groups.#": "0",
                            "ingress.753360330.self": "true",
                            "ingress.753360330.to_port": "0",
                            "name": "default",
                            "owner_id": "715652651898",
                            "revoke_rules_on_delete": "false",
                            "tags.%": "1",
                            "tags.Name": "dev-default",
                            "vpc_id": "vpc-0c8b9a473549ee68e"
                        },
                        "meta": {
                            "e2bfb730-ecaa-11e6-8f88-34363bc7c4c0": {
                                "create": 600000000000,
                                "delete": 600000000000
                            },
                            "schema_version": "1"
                        },
                        "tainted": false
                    },
                    "deposed": [],
                    "provider": "provider.aws"
                },
                "aws_eip.bastion_1a": {
                    "type": "aws_eip",
                    "depends_on": [
                        "aws_instance.bastion_1a"
                    ],
                    "primary": {
                        "id": "eipalloc-0cfe6d00d2d1fd8ab",
                        "attributes": {
                            "association_id": "eipassoc-0d973d6268b2d2dbb",
                            "domain": "vpc",
                            "id": "eipalloc-0cfe6d00d2d1fd8ab",
                            "instance": "i-02653375c55b3fe29",
                            "network_interface": "eni-0a2c60bc375e33b60",
                            "private_dns": "ip-172-16-1-30.ap-northeast-1.compute.internal",
                            "private_ip": "172.16.1.30",
                            "public_dns": "ec2-54-199-176-49.ap-northeast-1.compute.amazonaws.com",
                            "public_ip": "54.199.176.49",
                            "public_ipv4_pool": "amazon",
                            "tags.%": "0",
                            "vpc": "true"
                        },
                        "meta": {
                            "e2bfb730-ecaa-11e6-8f88-34363bc7c4c0": {
                                "delete": 180000000000,
                                "read": 900000000000,
                                "update": 300000000000
                            }
                        },
                        "tainted": false
                    },
                    "deposed": [],
                    "provider": "provider.aws"
                },
                "aws_eip.nat_dev_1a": {
                    "type": "aws_eip",
                    "depends_on": [],
                    "primary": {
                        "id": "eipalloc-086faa2946bcbd228",
                        "attributes": {
                            "association_id": "eipassoc-0d6ad2aa061e6a511",
                            "domain": "vpc",
                            "id": "eipalloc-086faa2946bcbd228",
                            "instance": "",
                            "network_interface": "eni-005ebb8fe5e0bcb85",
                            "private_dns": "ip-172-16-1-80.ap-northeast-1.compute.internal",
                            "private_ip": "172.16.1.80",
                            "public_dns": "ec2-13-114-175-142.ap-northeast-1.compute.amazonaws.com",
                            "public_ip": "13.114.175.142",
                            "public_ipv4_pool": "amazon",
                            "tags.%": "0",
                            "vpc": "true"
                        },
                        "meta": {
                            "e2bfb730-ecaa-11e6-8f88-34363bc7c4c0": {
                                "delete": 180000000000,
                                "read": 900000000000,
                                "update": 300000000000
                            }
                        },
                        "tainted": false
                    },
                    "deposed": [],
                    "provider": "provider.aws"
                },
                "aws_eip.nat_dev_1c": {
                    "type": "aws_eip",
                    "depends_on": [],
                    "primary": {
                        "id": "eipalloc-080405b496245a156",
                        "attributes": {
                            "association_id": "eipassoc-04a86aebaa30ad661",
                            "domain": "vpc",
                            "id": "eipalloc-080405b496245a156",
                            "instance": "",
                            "network_interface": "eni-01fd154cacad36aa0",
                            "private_dns": "ip-172-16-2-168.ap-northeast-1.compute.internal",
                            "private_ip": "172.16.2.168",
                            "public_dns": "ec2-52-198-121-171.ap-northeast-1.compute.amazonaws.com",
                            "public_ip": "52.198.121.171",
                            "public_ipv4_pool": "amazon",
                            "tags.%": "0",
                            "vpc": "true"
                        },
                        "meta": {
                            "e2bfb730-ecaa-11e6-8f88-34363bc7c4c0": {
                                "delete": 180000000000,
                                "read": 900000000000,
                                "update": 300000000000
                            }
                        },
                        "tainted": false
                    },
                    "deposed": [],
                    "provider": "provider.aws"
                },
                "aws_instance.bastion_1a": {
                    "type": "aws_instance",
                    "depends_on": [
                        "aws_default_security_group.dev_default",
                        "aws_security_group.bastion",
                        "aws_subnet.public_1a"
                    ],
                    "primary": {
                        "id": "i-02653375c55b3fe29",
                        "attributes": {
                            "ami": "ami-4af5022c",
                            "arn": "arn:aws:ec2:ap-northeast-1:715652651898:instance/i-02653375c55b3fe29",
                            "associate_public_ip_address": "true",
                            "availability_zone": "ap-northeast-1a",
                            "cpu_core_count": "1",
                            "cpu_threads_per_core": "1",
                            "credit_specification.#": "1",
                            "credit_specification.0.cpu_credits": "standard",
                            "disable_api_termination": "false",
                            "ebs_block_device.#": "0",
                            "ebs_optimized": "false",
                            "ephemeral_block_device.#": "0",
                            "get_password_data": "false",
                            "iam_instance_profile": "",
                            "id": "i-02653375c55b3fe29",
                            "instance_state": "running",
                            "instance_type": "t2.nano",
                            "ipv6_addresses.#": "0",
                            "key_name": "david-key",
                            "monitoring": "false",
                            "network_interface.#": "0",
                            "password_data": "",
                            "placement_group": "",
                            "primary_network_interface_id": "eni-0a2c60bc375e33b60",
                            "private_dns": "ip-172-16-1-30.ap-northeast-1.compute.internal",
                            "private_ip": "172.16.1.30",
                            "public_dns": "ec2-52-194-186-123.ap-northeast-1.compute.amazonaws.com",
                            "public_ip": "52.194.186.123",
                            "root_block_device.#": "1",
                            "root_block_device.0.delete_on_termination": "true",
                            "root_block_device.0.iops": "100",
                            "root_block_device.0.volume_id": "vol-02a3643b1d4a4118b",
                            "root_block_device.0.volume_size": "8",
                            "root_block_device.0.volume_type": "gp2",
                            "security_groups.#": "0",
                            "source_dest_check": "true",
                            "subnet_id": "subnet-00138cc13d1a8254f",
                            "tags.%": "1",
                            "tags.Name": "bastion-1a",
                            "tenancy": "default",
                            "volume_tags.%": "0",
                            "vpc_security_group_ids.#": "2",
                            "vpc_security_group_ids.1383375516": "sg-0538ac6a85680c9b7",
                            "vpc_security_group_ids.759844149": "sg-060570b7a37cd9867"
                        },
                        "meta": {
                            "e2bfb730-ecaa-11e6-8f88-34363bc7c4c0": {
                                "create": 600000000000,
                                "delete": 1200000000000,
                                "update": 600000000000
                            },
                            "schema_version": "1"
                        },
                        "tainted": false
                    },
                    "deposed": [],
                    "provider": "provider.aws"
                },
                "aws_internet_gateway.dev": {
                    "type": "aws_internet_gateway",
                    "depends_on": [
                        "aws_vpc.dev"
                    ],
                    "primary": {
                        "id": "igw-048bd5ab582f3b540",
                        "attributes": {
                            "id": "igw-048bd5ab582f3b540",
                            "owner_id": "715652651898",
                            "tags.%": "1",
                            "tags.Name": "dev",
                            "vpc_id": "vpc-0c8b9a473549ee68e"
                        },
                        "meta": {},
                        "tainted": false
                    },
                    "deposed": [],
                    "provider": "provider.aws"
                },
                "aws_nat_gateway.dev_1a": {
                    "type": "aws_nat_gateway",
                    "depends_on": [
                        "aws_eip.nat_dev_1a",
                        "aws_subnet.public_1a"
                    ],
                    "primary": {
                        "id": "nat-0d334fc3db911412b",
                        "attributes": {
                            "allocation_id": "eipalloc-086faa2946bcbd228",
                            "id": "nat-0d334fc3db911412b",
                            "network_interface_id": "eni-005ebb8fe5e0bcb85",
                            "private_ip": "172.16.1.80",
                            "public_ip": "13.114.175.142",
                            "subnet_id": "subnet-00138cc13d1a8254f",
                            "tags.%": "0"
                        },
                        "meta": {},
                        "tainted": false
                    },
                    "deposed": [],
                    "provider": "provider.aws"
                },
                "aws_nat_gateway.dev_1c": {
                    "type": "aws_nat_gateway",
                    "depends_on": [
                        "aws_eip.nat_dev_1c",
                        "aws_subnet.public_1c"
                    ],
                    "primary": {
                        "id": "nat-0a14c4c32a69731b7",
                        "attributes": {
                            "allocation_id": "eipalloc-080405b496245a156",
                            "id": "nat-0a14c4c32a69731b7",
                            "network_interface_id": "eni-01fd154cacad36aa0",
                            "private_ip": "172.16.2.168",
                            "public_ip": "52.198.121.171",
                            "subnet_id": "subnet-0c31e789e239e9b87",
                            "tags.%": "0"
                        },
                        "meta": {},
                        "tainted": false
                    },
                    "deposed": [],
                    "provider": "provider.aws"
                },
                "aws_route_table.dev_private_1a": {
                    "type": "aws_route_table",
                    "depends_on": [
                        "aws_nat_gateway.dev_1a",
                        "aws_vpc.dev"
                    ],
                    "primary": {
                        "id": "rtb-001fb32e4694bd43c",
                        "attributes": {
                            "id": "rtb-001fb32e4694bd43c",
                            "owner_id": "715652651898",
                            "propagating_vgws.#": "0",
                            "route.#": "1",
                            "route.1686718402.cidr_block": "0.0.0.0/0",
                            "route.1686718402.egress_only_gateway_id": "",
                            "route.1686718402.gateway_id": "",
                            "route.1686718402.instance_id": "",
                            "route.1686718402.ipv6_cidr_block": "",
                            "route.1686718402.nat_gateway_id": "nat-0d334fc3db911412b",
                            "route.1686718402.network_interface_id": "",
                            "route.1686718402.transit_gateway_id": "",
                            "route.1686718402.vpc_peering_connection_id": "",
                            "tags.%": "1",
                            "tags.Name": "dev-private-1a",
                            "vpc_id": "vpc-0c8b9a473549ee68e"
                        },
                        "meta": {},
                        "tainted": false
                    },
                    "deposed": [],
                    "provider": "provider.aws"
                },
                "aws_route_table.dev_private_1c": {
                    "type": "aws_route_table",
                    "depends_on": [
                        "aws_nat_gateway.dev_1c",
                        "aws_vpc.dev"
                    ],
                    "primary": {
                        "id": "rtb-0514e20614fcddba5",
                        "attributes": {
                            "id": "rtb-0514e20614fcddba5",
                            "owner_id": "715652651898",
                            "propagating_vgws.#": "0",
                            "route.#": "1",
                            "route.614023228.cidr_block": "0.0.0.0/0",
                            "route.614023228.egress_only_gateway_id": "",
                            "route.614023228.gateway_id": "",
                            "route.614023228.instance_id": "",
                            "route.614023228.ipv6_cidr_block": "",
                            "route.614023228.nat_gateway_id": "nat-0a14c4c32a69731b7",
                            "route.614023228.network_interface_id": "",
                            "route.614023228.transit_gateway_id": "",
                            "route.614023228.vpc_peering_connection_id": "",
                            "tags.%": "1",
                            "tags.Name": "dev-private-1c",
                            "vpc_id": "vpc-0c8b9a473549ee68e"
                        },
                        "meta": {},
                        "tainted": false
                    },
                    "deposed": [],
                    "provider": "provider.aws"
                },
                "aws_route_table.dev_public": {
                    "type": "aws_route_table",
                    "depends_on": [
                        "aws_internet_gateway.dev",
                        "aws_vpc.dev"
                    ],
                    "primary": {
                        "id": "rtb-0a7b6a507ff9b52ea",
                        "attributes": {
                            "id": "rtb-0a7b6a507ff9b52ea",
                            "owner_id": "715652651898",
                            "propagating_vgws.#": "0",
                            "route.#": "1",
                            "route.2334596448.cidr_block": "0.0.0.0/0",
                            "route.2334596448.egress_only_gateway_id": "",
                            "route.2334596448.gateway_id": "igw-048bd5ab582f3b540",
                            "route.2334596448.instance_id": "",
                            "route.2334596448.ipv6_cidr_block": "",
                            "route.2334596448.nat_gateway_id": "",
                            "route.2334596448.network_interface_id": "",
                            "route.2334596448.transit_gateway_id": "",
                            "route.2334596448.vpc_peering_connection_id": "",
                            "tags.%": "1",
                            "tags.Name": "dev-public",
                            "vpc_id": "vpc-0c8b9a473549ee68e"
                        },
                        "meta": {},
                        "tainted": false
                    },
                    "deposed": [],
                    "provider": "provider.aws"
                },
                "aws_route_table_association.dev_private_1a": {
                    "type": "aws_route_table_association",
                    "depends_on": [
                        "aws_route_table.dev_private_1a",
                        "aws_subnet.private_1a"
                    ],
                    "primary": {
                        "id": "rtbassoc-09c3efc30dbae3df7",
                        "attributes": {
                            "id": "rtbassoc-09c3efc30dbae3df7",
                            "route_table_id": "rtb-001fb32e4694bd43c",
                            "subnet_id": "subnet-0232b25f8b432582f"
                        },
                        "meta": {},
                        "tainted": false
                    },
                    "deposed": [],
                    "provider": "provider.aws"
                },
                "aws_route_table_association.dev_private_1c": {
                    "type": "aws_route_table_association",
                    "depends_on": [
                        "aws_route_table.dev_private_1c",
                        "aws_subnet.private_1c"
                    ],
                    "primary": {
                        "id": "rtbassoc-07961abe6d6929f1c",
                        "attributes": {
                            "id": "rtbassoc-07961abe6d6929f1c",
                            "route_table_id": "rtb-0514e20614fcddba5",
                            "subnet_id": "subnet-039a90f6b8fad40e1"
                        },
                        "meta": {},
                        "tainted": false
                    },
                    "deposed": [],
                    "provider": "provider.aws"
                },
                "aws_route_table_association.dev_public_1a": {
                    "type": "aws_route_table_association",
                    "depends_on": [
                        "aws_route_table.dev_public",
                        "aws_subnet.public_1a"
                    ],
                    "primary": {
                        "id": "rtbassoc-0d516e4f0aa34bc5a",
                        "attributes": {
                            "id": "rtbassoc-0d516e4f0aa34bc5a",
                            "route_table_id": "rtb-0a7b6a507ff9b52ea",
                            "subnet_id": "subnet-00138cc13d1a8254f"
                        },
                        "meta": {},
                        "tainted": false
                    },
                    "deposed": [],
                    "provider": "provider.aws"
                },
                "aws_route_table_association.dev_public_1c": {
                    "type": "aws_route_table_association",
                    "depends_on": [
                        "aws_route_table.dev_public",
                        "aws_subnet.public_1c"
                    ],
                    "primary": {
                        "id": "rtbassoc-0a6c8cf206e229d78",
                        "attributes": {
                            "id": "rtbassoc-0a6c8cf206e229d78",
                            "route_table_id": "rtb-0a7b6a507ff9b52ea",
                            "subnet_id": "subnet-0c31e789e239e9b87"
                        },
                        "meta": {},
                        "tainted": false
                    },
                    "deposed": [],
                    "provider": "provider.aws"
                },
                "aws_security_group.bastion": {
                    "type": "aws_security_group",
                    "depends_on": [
                        "aws_vpc.dev"
                    ],
                    "primary": {
                        "id": "sg-0538ac6a85680c9b7",
                        "attributes": {
                            "arn": "arn:aws:ec2:ap-northeast-1:715652651898:security-group/sg-0538ac6a85680c9b7",
                            "description": "open ssh port for bastion",
                            "egress.#": "1",
                            "egress.482069346.cidr_blocks.#": "1",
                            "egress.482069346.cidr_blocks.0": "0.0.0.0/0",
                            "egress.482069346.description": "",
                            "egress.482069346.from_port": "0",
                            "egress.482069346.ipv6_cidr_blocks.#": "0",
                            "egress.482069346.prefix_list_ids.#": "0",
                            "egress.482069346.protocol": "-1",
                            "egress.482069346.security_groups.#": "0",
                            "egress.482069346.self": "false",
                            "egress.482069346.to_port": "0",
                            "id": "sg-0538ac6a85680c9b7",
                            "ingress.#": "1",
                            "ingress.2541437006.cidr_blocks.#": "1",
                            "ingress.2541437006.cidr_blocks.0": "0.0.0.0/0",
                            "ingress.2541437006.description": "",
                            "ingress.2541437006.from_port": "22",
                            "ingress.2541437006.ipv6_cidr_blocks.#": "0",
                            "ingress.2541437006.prefix_list_ids.#": "0",
                            "ingress.2541437006.protocol": "tcp",
                            "ingress.2541437006.security_groups.#": "0",
                            "ingress.2541437006.self": "false",
                            "ingress.2541437006.to_port": "22",
                            "name": "bastion",
                            "owner_id": "715652651898",
                            "revoke_rules_on_delete": "false",
                            "tags.%": "1",
                            "tags.Name": "bastion",
                            "vpc_id": "vpc-0c8b9a473549ee68e"
                        },
                        "meta": {
                            "e2bfb730-ecaa-11e6-8f88-34363bc7c4c0": {
                                "create": 600000000000,
                                "delete": 600000000000
                            },
                            "schema_version": "1"
                        },
                        "tainted": false
                    },
                    "deposed": [],
                    "provider": "provider.aws"
                },
                "aws_subnet.private_1a": {
                    "type": "aws_subnet",
                    "depends_on": [
                        "aws_vpc.dev"
                    ],
                    "primary": {
                        "id": "subnet-0232b25f8b432582f",
                        "attributes": {
                            "arn": "arn:aws:ec2:ap-northeast-1:715652651898:subnet/subnet-0232b25f8b432582f",
                            "assign_ipv6_address_on_creation": "false",
                            "availability_zone": "ap-northeast-1a",
                            "availability_zone_id": "apne1-az4",
                            "cidr_block": "172.16.101.0/24",
                            "id": "subnet-0232b25f8b432582f",
                            "ipv6_cidr_block": "",
                            "ipv6_cidr_block_association_id": "",
                            "map_public_ip_on_launch": "false",
                            "owner_id": "715652651898",
                            "tags.%": "1",
                            "tags.Name": "private-1a",
                            "vpc_id": "vpc-0c8b9a473549ee68e"
                        },
                        "meta": {
                            "e2bfb730-ecaa-11e6-8f88-34363bc7c4c0": {
                                "create": 600000000000,
                                "delete": 600000000000
                            },
                            "schema_version": "1"
                        },
                        "tainted": false
                    },
                    "deposed": [],
                    "provider": "provider.aws"
                },
                "aws_subnet.private_1c": {
                    "type": "aws_subnet",
                    "depends_on": [
                        "aws_vpc.dev"
                    ],
                    "primary": {
                        "id": "subnet-039a90f6b8fad40e1",
                        "attributes": {
                            "arn": "arn:aws:ec2:ap-northeast-1:715652651898:subnet/subnet-039a90f6b8fad40e1",
                            "assign_ipv6_address_on_creation": "false",
                            "availability_zone": "ap-northeast-1c",
                            "availability_zone_id": "apne1-az1",
                            "cidr_block": "172.16.102.0/24",
                            "id": "subnet-039a90f6b8fad40e1",
                            "ipv6_cidr_block": "",
                            "ipv6_cidr_block_association_id": "",
                            "map_public_ip_on_launch": "false",
                            "owner_id": "715652651898",
                            "tags.%": "1",
                            "tags.Name": "private-1c",
                            "vpc_id": "vpc-0c8b9a473549ee68e"
                        },
                        "meta": {
                            "e2bfb730-ecaa-11e6-8f88-34363bc7c4c0": {
                                "create": 600000000000,
                                "delete": 600000000000
                            },
                            "schema_version": "1"
                        },
                        "tainted": false
                    },
                    "deposed": [],
                    "provider": "provider.aws"
                },
                "aws_subnet.public_1a": {
                    "type": "aws_subnet",
                    "depends_on": [
                        "aws_vpc.dev"
                    ],
                    "primary": {
                        "id": "subnet-00138cc13d1a8254f",
                        "attributes": {
                            "arn": "arn:aws:ec2:ap-northeast-1:715652651898:subnet/subnet-00138cc13d1a8254f",
                            "assign_ipv6_address_on_creation": "false",
                            "availability_zone": "ap-northeast-1a",
                            "availability_zone_id": "apne1-az4",
                            "cidr_block": "172.16.1.0/24",
                            "id": "subnet-00138cc13d1a8254f",
                            "ipv6_cidr_block": "",
                            "ipv6_cidr_block_association_id": "",
                            "map_public_ip_on_launch": "false",
                            "owner_id": "715652651898",
                            "tags.%": "1",
                            "tags.Name": "public-1a",
                            "vpc_id": "vpc-0c8b9a473549ee68e"
                        },
                        "meta": {
                            "e2bfb730-ecaa-11e6-8f88-34363bc7c4c0": {
                                "create": 600000000000,
                                "delete": 600000000000
                            },
                            "schema_version": "1"
                        },
                        "tainted": false
                    },
                    "deposed": [],
                    "provider": "provider.aws"
                },
                "aws_subnet.public_1c": {
                    "type": "aws_subnet",
                    "depends_on": [
                        "aws_vpc.dev"
                    ],
                    "primary": {
                        "id": "subnet-0c31e789e239e9b87",
                        "attributes": {
                            "arn": "arn:aws:ec2:ap-northeast-1:715652651898:subnet/subnet-0c31e789e239e9b87",
                            "assign_ipv6_address_on_creation": "false",
                            "availability_zone": "ap-northeast-1c",
                            "availability_zone_id": "apne1-az1",
                            "cidr_block": "172.16.2.0/24",
                            "id": "subnet-0c31e789e239e9b87",
                            "ipv6_cidr_block": "",
                            "ipv6_cidr_block_association_id": "",
                            "map_public_ip_on_launch": "false",
                            "owner_id": "715652651898",
                            "tags.%": "1",
                            "tags.Name": "public-1c",
                            "vpc_id": "vpc-0c8b9a473549ee68e"
                        },
                        "meta": {
                            "e2bfb730-ecaa-11e6-8f88-34363bc7c4c0": {
                                "create": 600000000000,
                                "delete": 600000000000
                            },
                            "schema_version": "1"
                        },
                        "tainted": false
                    },
                    "deposed": [],
                    "provider": "provider.aws"
                },
                "aws_vpc.dev": {
                    "type": "aws_vpc",
                    "depends_on": [],
                    "primary": {
                        "id": "vpc-0c8b9a473549ee68e",
                        "attributes": {
                            "arn": "arn:aws:ec2:ap-northeast-1:715652651898:vpc/vpc-0c8b9a473549ee68e",
                            "assign_generated_ipv6_cidr_block": "false",
                            "cidr_block": "172.16.0.0/16",
                            "default_network_acl_id": "acl-01fd3f8b6567bbc19",
                            "default_route_table_id": "rtb-05c6b8b264481ca83",
                            "default_security_group_id": "sg-060570b7a37cd9867",
                            "dhcp_options_id": "dopt-02010156a2061619f",
                            "enable_classiclink": "false",
                            "enable_classiclink_dns_support": "false",
                            "enable_dns_hostnames": "true",
                            "enable_dns_support": "true",
                            "id": "vpc-0c8b9a473549ee68e",
                            "instance_tenancy": "default",
                            "ipv6_association_id": "",
                            "ipv6_cidr_block": "",
                            "main_route_table_id": "rtb-05c6b8b264481ca83",
                            "owner_id": "715652651898",
                            "tags.%": "1",
                            "tags.Name": "dev"
                        },
                        "meta": {
                            "schema_version": "1"
                        },
                        "tainted": false
                    },
                    "deposed": [],
                    "provider": "provider.aws"
                }
            },
            "depends_on": []
        }
    ]
}
